version: 6
environments:
  default:
    channels:
    - url: https://conda.anaconda.org/conda-forge/
    packages:
      win-64:
      - conda: https://conda.anaconda.org/conda-forge/noarch/annotated-types-0.7.0-pyhd8ed1ab_1.conda
      - conda: https://conda.anaconda.org/conda-forge/win-64/bzip2-1.0.8-h2466b09_7.conda
      - conda: https://conda.anaconda.org/conda-forge/win-64/ca-certificates-2025.1.31-h56e8100_0.conda
      - conda: https://conda.anaconda.org/conda-forge/noarch/importlib-metadata-8.6.1-pyha770c72_0.conda
      - conda: https://conda.anaconda.org/conda-forge/win-64/intel-openmp-2024.2.1-h57928b3_1083.conda
      - conda: https://conda.anaconda.org/conda-forge/noarch/lazy-loader-0.4-pyhd8ed1ab_2.conda
      - conda: https://conda.anaconda.org/conda-forge/win-64/libblas-3.9.0-31_h641d27c_mkl.conda
      - conda: https://conda.anaconda.org/conda-forge/win-64/libcblas-3.9.0-31_h5e41251_mkl.conda
      - conda: https://conda.anaconda.org/conda-forge/win-64/libexpat-2.7.0-he0c23c2_0.conda
      - conda: https://conda.anaconda.org/conda-forge/win-64/libffi-3.4.6-h537db12_1.conda
      - conda: https://conda.anaconda.org/conda-forge/win-64/libhwloc-2.11.2-default_ha69328c_1001.conda
      - conda: https://conda.anaconda.org/conda-forge/win-64/libiconv-1.18-h135ad9c_1.conda
      - conda: https://conda.anaconda.org/conda-forge/win-64/liblapack-3.9.0-31_h1aa476e_mkl.conda
      - conda: https://conda.anaconda.org/conda-forge/win-64/liblzma-5.8.1-h2466b09_0.conda
      - conda: https://conda.anaconda.org/conda-forge/win-64/libsqlite-3.49.1-h67fdade_2.conda
      - conda: https://conda.anaconda.org/conda-forge/win-64/libwinpthread-12.0.0.r4.gg4f2fc60ca-h57928b3_9.conda
      - conda: https://conda.anaconda.org/conda-forge/win-64/libxml2-2.13.7-h442d1da_1.conda
      - conda: https://conda.anaconda.org/conda-forge/win-64/libzlib-1.3.1-h2466b09_2.conda
      - conda: https://conda.anaconda.org/conda-forge/win-64/mkl-2024.2.2-h66d3029_15.conda
      - conda: https://conda.anaconda.org/conda-forge/win-64/numpy-2.2.4-py311h5e411d1_0.conda
      - conda: https://conda.anaconda.org/conda-forge/win-64/openssl-3.4.1-ha4e3fda_0.conda
      - conda: https://conda.anaconda.org/conda-forge/noarch/packaging-24.2-pyhd8ed1ab_2.conda
      - conda: https://conda.anaconda.org/conda-forge/noarch/pydantic-2.11.2-pyh3cfb1c2_0.conda
      - conda: https://conda.anaconda.org/conda-forge/win-64/pydantic-core-2.33.1-py311ha250665_0.conda
      - conda: https://conda.anaconda.org/conda-forge/win-64/python-3.11.11-h3f84c4b_2_cpython.conda
      - conda: https://conda.anaconda.org/conda-forge/win-64/python_abi-3.11-6_cp311.conda
      - conda: https://conda.anaconda.org/conda-forge/win-64/tbb-2021.13.0-h62715c5_1.conda
      - conda: https://conda.anaconda.org/conda-forge/win-64/tk-8.6.13-h5226925_1.conda
      - conda: https://conda.anaconda.org/conda-forge/noarch/typing-extensions-4.13.1-hf5ce1d7_0.conda
      - conda: https://conda.anaconda.org/conda-forge/noarch/typing-inspection-0.4.0-pyhd8ed1ab_0.conda
      - conda: https://conda.anaconda.org/conda-forge/noarch/typing_extensions-4.13.1-pyh29332c3_0.conda
      - conda: https://conda.anaconda.org/conda-forge/noarch/tzdata-2025b-h78e105d_0.conda
      - conda: https://conda.anaconda.org/conda-forge/win-64/ucrt-10.0.22621.0-h57928b3_1.conda
      - conda: https://conda.anaconda.org/conda-forge/win-64/vc-14.3-h2b53caa_26.conda
      - conda: https://conda.anaconda.org/conda-forge/win-64/vc14_runtime-14.42.34438-hfd919c2_26.conda
      - conda: https://conda.anaconda.org/conda-forge/noarch/zipp-3.21.0-pyhd8ed1ab_1.conda
packages:
- conda: https://conda.anaconda.org/conda-forge/noarch/annotated-types-0.7.0-pyhd8ed1ab_1.conda
  sha256: e0ea1ba78fbb64f17062601edda82097fcf815012cf52bb704150a2668110d48
  md5: 2934f256a8acfe48f6ebb4fce6cde29c
  depends:
  - python >=3.9
  - typing-extensions >=4.0.0
  license: MIT
  license_family: MIT
  size: 18074
  timestamp: 1733247158254
- conda: https://conda.anaconda.org/conda-forge/win-64/bzip2-1.0.8-h2466b09_7.conda
  sha256: 35a5dad92e88fdd7fc405e864ec239486f4f31eec229e31686e61a140a8e573b
  md5: 276e7ffe9ffe39688abc665ef0f45596
  depends:
  - ucrt >=10.0.20348.0
  - vc >=14.2,<15
  - vc14_runtime >=14.29.30139
  license: bzip2-1.0.6
  license_family: BSD
  size: 54927
  timestamp: 1720974860185
- conda: https://conda.anaconda.org/conda-forge/win-64/ca-certificates-2025.1.31-h56e8100_0.conda
  sha256: 1bedccdf25a3bd782d6b0e57ddd97cdcda5501716009f2de4479a779221df155
  md5: 5304a31607974dfc2110dfbb662ed092
  license: ISC
  size: 158690
  timestamp: 1738298232550
- conda: https://conda.anaconda.org/conda-forge/noarch/importlib-metadata-8.6.1-pyha770c72_0.conda
  sha256: 598951ebdb23e25e4cec4bbff0ae369cec65ead80b50bc08b441d8e54de5cf03
  md5: f4b39bf00c69f56ac01e020ebfac066c
  depends:
  - python >=3.9
  - zipp >=0.5
  license: Apache-2.0
  license_family: APACHE
  size: 29141
  timestamp: 1737420302391
- conda: https://conda.anaconda.org/conda-forge/win-64/intel-openmp-2024.2.1-h57928b3_1083.conda
  sha256: 0fd2b0b84c854029041b0ede8f4c2369242ee92acc0092f8407b1fe9238a8209
  md5: 2d89243bfb53652c182a7c73182cce4f
  license: LicenseRef-IntelSimplifiedSoftwareOct2022
  license_family: Proprietary
  size: 1852356
  timestamp: 1723739573141
- conda: https://conda.anaconda.org/conda-forge/noarch/lazy-loader-0.4-pyhd8ed1ab_2.conda
  sha256: d7ea986507090fff801604867ef8e79c8fda8ec21314ba27c032ab18df9c3411
  md5: d10d9393680734a8febc4b362a4c94f2
  depends:
  - importlib-metadata
  - packaging
  - python >=3.9
  license: BSD-3-Clause
  license_family: BSD
  size: 16298
  timestamp: 1733636905835
- conda: https://conda.anaconda.org/conda-forge/win-64/libblas-3.9.0-31_h641d27c_mkl.conda
  build_number: 31
  sha256: 7bb4d5b591e98fe607279520ee78e3571a297b5720aa789a2536041ad5540de8
  md5: d05563c577fe2f37693a554b3f271e8f
  depends:
  - mkl 2024.2.2 h66d3029_15
  constrains:
  - libcblas =3.9.0=31*_mkl
  - blas =2.131=mkl
  - liblapacke =3.9.0=31*_mkl
  - liblapack =3.9.0=31*_mkl
  license: BSD-3-Clause
  license_family: BSD
  size: 3733728
  timestamp: 1740088452830
- conda: https://conda.anaconda.org/conda-forge/win-64/libcblas-3.9.0-31_h5e41251_mkl.conda
  build_number: 31
  sha256: 609f455b099919bd4d15d4a733f493dc789e02da73fe4474f1cca73afafb95b8
  md5: 43c100b94ad2607382b0cf0f3a6b0bf3
  depends:
  - libblas 3.9.0 31_h641d27c_mkl
  constrains:
  - blas =2.131=mkl
  - liblapacke =3.9.0=31*_mkl
  - liblapack =3.9.0=31*_mkl
  license: BSD-3-Clause
  license_family: BSD
  size: 3733549
  timestamp: 1740088502127
- conda: https://conda.anaconda.org/conda-forge/win-64/libexpat-2.7.0-he0c23c2_0.conda
  sha256: 1a227c094a4e06bd54e8c2f3ec40c17ff99dcf3037d812294f842210aa66dbeb
  md5: b6f5352fdb525662f4169a0431d2dd7a
  depends:
  - ucrt >=10.0.20348.0
  - vc >=14.2,<15
  - vc14_runtime >=14.29.30139
  constrains:
  - expat 2.7.0.*
  license: MIT
  license_family: MIT
  size: 140896
  timestamp: 1743432122520
- conda: https://conda.anaconda.org/conda-forge/win-64/libffi-3.4.6-h537db12_1.conda
  sha256: d3b0b8812eab553d3464bbd68204f007f1ebadf96ce30eb0cbc5159f72e353f5
  md5: 85d8fa5e55ed8f93f874b3b23ed54ec6
  depends:
  - ucrt >=10.0.20348.0
  - vc >=14.2,<15
  - vc14_runtime >=14.29.30139
  license: MIT
  license_family: MIT
  size: 44978
  timestamp: 1743435053850
- conda: https://conda.anaconda.org/conda-forge/win-64/libhwloc-2.11.2-default_ha69328c_1001.conda
  sha256: 850e255997f538d5fb6ed651321141155a33bb781d43d326fc4ff62114dd2842
  md5: b87a0ac5ab6495d8225db5dc72dd21cd
  depends:
  - libwinpthread >=12.0.0.r4.gg4f2fc60ca
  - libxml2 >=2.13.4,<2.14.0a0
  - ucrt >=10.0.20348.0
  - vc >=14.2,<15
  - vc14_runtime >=14.29.30139
  license: BSD-3-Clause
  license_family: BSD
  size: 2390021
  timestamp: 1731375651179
- conda: https://conda.anaconda.org/conda-forge/win-64/libiconv-1.18-h135ad9c_1.conda
  sha256: ea5ed2b362b6dbc4ba7188eb4eaf576146e3dfc6f4395e9f0db76ad77465f786
  md5: 21fc5dba2cbcd8e5e26ff976a312122c
  depends:
  - ucrt >=10.0.20348.0
  - vc >=14.2,<15
  - vc14_runtime >=14.29.30139
  license: LGPL-2.1-only
  size: 638142
  timestamp: 1740128665984
- conda: https://conda.anaconda.org/conda-forge/win-64/liblapack-3.9.0-31_h1aa476e_mkl.conda
  build_number: 31
  sha256: 9415e807aa6f8968322bbd756aab8f487379d809c74266d37c697b8d85c534ad
  md5: 40b47ee720a185289760960fc6185750
  depends:
  - libblas 3.9.0 31_h641d27c_mkl
  constrains:
  - libcblas =3.9.0=31*_mkl
  - blas =2.131=mkl
  - liblapacke =3.9.0=31*_mkl
  license: BSD-3-Clause
  license_family: BSD
  size: 3732648
  timestamp: 1740088548986
- conda: https://conda.anaconda.org/conda-forge/win-64/liblzma-5.8.1-h2466b09_0.conda
  sha256: 1477e9bff05318f3129d37be0e64c76cce0973c4b8c73d13a467d0b7f03d157c
  md5: 8d5cb0016b645d6688e2ff57c5d51302
  depends:
  - ucrt >=10.0.20348.0
  - vc >=14.2,<15
  - vc14_runtime >=14.29.30139
  license: 0BSD
  size: 104682
  timestamp: 1743771561515
- conda: https://conda.anaconda.org/conda-forge/win-64/libsqlite-3.49.1-h67fdade_2.conda
  sha256: c092d42d00fd85cf609cc58574ba2b03c141af5762283f36f5dd445ef7c0f4fe
  md5: b58b66d4ad1aaf1c2543cbbd6afb1a59
  depends:
  - ucrt >=10.0.20348.0
  - vc >=14.2,<15
  - vc14_runtime >=14.29.30139
  license: Unlicense
  size: 1081292
  timestamp: 1742083956001
- conda: https://conda.anaconda.org/conda-forge/win-64/libwinpthread-12.0.0.r4.gg4f2fc60ca-h57928b3_9.conda
  sha256: 373f2973b8a358528b22be5e8d84322c165b4c5577d24d94fd67ad1bb0a0f261
  md5: 08bfa5da6e242025304b206d152479ef
  depends:
  - ucrt
  constrains:
  - pthreads-win32 <0.0a0
  - msys2-conda-epoch <0.0a0
  license: MIT AND BSD-3-Clause-Clear
  size: 35794
  timestamp: 1737099561703
- conda: https://conda.anaconda.org/conda-forge/win-64/libxml2-2.13.7-h442d1da_1.conda
  sha256: 0a013527f784f4702dc18460070d8ec79d1ebb5087dd9e678d6afbeaca68d2ac
  md5: c14ff7f05e57489df9244917d2b55763
  depends:
  - libiconv >=1.18,<2.0a0
  - libzlib >=1.3.1,<2.0a0
  - ucrt >=10.0.20348.0
  - vc >=14.2,<15
  - vc14_runtime >=14.29.30139
  license: MIT
  license_family: MIT
  size: 1513740
  timestamp: 1743795035107
- conda: https://conda.anaconda.org/conda-forge/win-64/libzlib-1.3.1-h2466b09_2.conda
  sha256: ba945c6493449bed0e6e29883c4943817f7c79cbff52b83360f7b341277c6402
  md5: 41fbfac52c601159df6c01f875de31b9
  depends:
  - ucrt >=10.0.20348.0
  - vc >=14.2,<15
  - vc14_runtime >=14.29.30139
  constrains:
  - zlib 1.3.1 *_2
  license: Zlib
  license_family: Other
  size: 55476
  timestamp: 1727963768015
- conda: https://conda.anaconda.org/conda-forge/win-64/mkl-2024.2.2-h66d3029_15.conda
  sha256: 20e52b0389586d0b914a49cd286c5ccc9c47949bed60ca6df004d1d295f2edbd
  md5: 302dff2807f2927b3e9e0d19d60121de
  depends:
  - intel-openmp 2024.*
  - tbb 2021.*
  license: LicenseRef-IntelSimplifiedSoftwareOct2022
  license_family: Proprietary
  size: 103106385
  timestamp: 1730232843711
- conda: https://conda.anaconda.org/conda-forge/win-64/numpy-2.2.4-py311h5e411d1_0.conda
  sha256: 02d9b03a27c932c8409f2670b0fc0003d1c2d153c61950f72f3a45e9ab24bf86
  md5: 3c1ffee6e6824f3281335dd3b48fab9d
  depends:
  - libblas >=3.9.0,<4.0a0
  - libcblas >=3.9.0,<4.0a0
  - liblapack >=3.9.0,<4.0a0
  - python >=3.11,<3.12.0a0
  - python_abi 3.11.* *_cp311
  - ucrt >=10.0.20348.0
  - vc >=14.2,<15
  - vc14_runtime >=14.29.30139
  constrains:
  - numpy-base <0a0
  license: BSD-3-Clause
  license_family: BSD
  size: 7812453
  timestamp: 1742255882246
- conda: https://conda.anaconda.org/conda-forge/win-64/openssl-3.4.1-ha4e3fda_0.conda
  sha256: 56dcc2b4430bfc1724e32661c34b71ae33a23a14149866fc5645361cfd3b3a6a
  md5: 0730f8094f7088592594f9bf3ae62b3f
  depends:
  - ca-certificates
  - ucrt >=10.0.20348.0
  - vc >=14.2,<15
  - vc14_runtime >=14.29.30139
  license: Apache-2.0
  license_family: Apache
  size: 8515197
  timestamp: 1739304103653
- conda: https://conda.anaconda.org/conda-forge/noarch/packaging-24.2-pyhd8ed1ab_2.conda
  sha256: da157b19bcd398b9804c5c52fc000fcb8ab0525bdb9c70f95beaa0bb42f85af1
  md5: 3bfed7e6228ebf2f7b9eaa47f1b4e2aa
  depends:
  - python >=3.8
  license: Apache-2.0
  license_family: APACHE
  size: 60164
  timestamp: 1733203368787
- conda: https://conda.anaconda.org/conda-forge/noarch/pydantic-2.11.2-pyh3cfb1c2_0.conda
  sha256: 848cf4ebb403e34d76575fbf59f1e96aed1761f5a295db2784b7ba0ddc36bf84
  md5: b866355462b3acc820777fb7c0719a5c
  depends:
  - annotated-types >=0.6.0
  - pydantic-core 2.33.1
  - python >=3.9
  - typing-extensions >=4.6.1
  - typing-inspection >=0.4.0
  - typing_extensions >=4.12.2
  license: MIT
  license_family: MIT
  size: 306151
  timestamp: 1743701214318
- conda: https://conda.anaconda.org/conda-forge/win-64/pydantic-core-2.33.1-py311ha250665_0.conda
  sha256: bdbfb2e0a7e9f37071d1619dd9af33668bb47ba8f0117846742a5a7de3184bff
  md5: 549cc2f2754ba510f7616af5c5b8aff6
  depends:
  - python
  - typing-extensions >=4.6.0,!=4.7.0
  - vc >=14.2,<15
  - vc14_runtime >=14.29.30139
  - ucrt >=10.0.20348.0
  - vc >=14.2,<15
  - vc14_runtime >=14.29.30139
  - ucrt >=10.0.20348.0
  - python_abi 3.11.* *_cp311
  license: MIT
  license_family: MIT
  size: 1908984
  timestamp: 1743607711275
- conda: https://conda.anaconda.org/conda-forge/win-64/python-3.11.11-h3f84c4b_2_cpython.conda
  build_number: 2
  sha256: d9a31998083225dcbef7c10cf0d379b1f64176cf1d0f8ad7f29941d2eb293d25
  md5: 8959f363205d55bb6ada26bdfd6ce8c7
  depends:
  - bzip2 >=1.0.8,<2.0a0
  - libexpat >=2.6.4,<3.0a0
  - libffi >=3.4,<4.0a0
  - liblzma >=5.6.4,<6.0a0
  - libsqlite >=3.49.1,<4.0a0
  - libzlib >=1.3.1,<2.0a0
  - openssl >=3.4.1,<4.0a0
  - tk >=8.6.13,<8.7.0a0
  - tzdata
  - ucrt >=10.0.20348.0
  - vc >=14.2,<15
  - vc14_runtime >=14.29.30139
  constrains:
  - python_abi 3.11.* *_cp311
  license: Python-2.0
  size: 18221686
  timestamp: 1741034476958
- conda: https://conda.anaconda.org/conda-forge/win-64/python_abi-3.11-6_cp311.conda
  build_number: 6
  sha256: 82b09808cc4f80212be7539d542d5853e0aaa593bc715f02b831c0ea0552b8bf
  md5: 0cdb3079c532b4d216bc9efacd510138
  constrains:
  - python 3.11.* *_cpython
  license: BSD-3-Clause
  license_family: BSD
  size: 7348
  timestamp: 1743483205320
- conda: https://conda.anaconda.org/conda-forge/win-64/tbb-2021.13.0-h62715c5_1.conda
  sha256: 03cc5442046485b03dd1120d0f49d35a7e522930a2ab82f275e938e17b07b302
  md5: 9190dd0a23d925f7602f9628b3aed511
  depends:
  - libhwloc >=2.11.2,<2.11.3.0a0
  - ucrt >=10.0.20348.0
  - vc >=14.2,<15
  - vc14_runtime >=14.29.30139
  license: Apache-2.0
  license_family: APACHE
  size: 151460
  timestamp: 1732982860332
- conda: https://conda.anaconda.org/conda-forge/win-64/tk-8.6.13-h5226925_1.conda
  sha256: 2c4e914f521ccb2718946645108c9bd3fc3216ba69aea20c2c3cedbd8db32bb1
  md5: fc048363eb8f03cd1737600a5d08aafe
  depends:
  - ucrt >=10.0.20348.0
  - vc >=14.2,<15
  - vc14_runtime >=14.29.30139
  license: TCL
  license_family: BSD
  size: 3503410
  timestamp: 1699202577803
- conda: https://conda.anaconda.org/conda-forge/noarch/typing-extensions-4.13.1-hf5ce1d7_0.conda
  sha256: f38c8a4cb27155a3c0d2853683569b1b1b38b31aa17195c23789367868d2125e
  md5: e37cf790f710cf72fd13dcb6b2d4370c
  depends:
  - typing_extensions ==4.13.1 pyh29332c3_0
  license: PSF-2.0
  license_family: PSF
  size: 89685
  timestamp: 1743820059977
- conda: https://conda.anaconda.org/conda-forge/noarch/typing-inspection-0.4.0-pyhd8ed1ab_0.conda
  sha256: 172f971d70e1dbb978f6061d3f72be463d0f629155338603450d8ffe87cbf89d
  md5: c5c76894b6b7bacc888ba25753bc8677
  depends:
  - python >=3.9
  - typing_extensions >=4.12.0
  license: MIT
  license_family: MIT
  size: 18070
  timestamp: 1741438157162
- conda: https://conda.anaconda.org/conda-forge/noarch/typing_extensions-4.13.1-pyh29332c3_0.conda
  sha256: 78a5efbf86eca68b5f9e58f0dc7e56dcfa96d1dcba5c7f5f37d2c0444de22085
  md5: 5710c79a5fb0a6bfdba0a887f90583b1
  depends:
  - python >=3.9
  - python
  license: PSF-2.0
  license_family: PSF
  size: 52170
  timestamp: 1743820059977
- conda: https://conda.anaconda.org/conda-forge/noarch/tzdata-2025b-h78e105d_0.conda
  sha256: 5aaa366385d716557e365f0a4e9c3fca43ba196872abbbe3d56bb610d131e192
  md5: 4222072737ccff51314b5ece9c7d6f5a
  license: LicenseRef-Public-Domain
  size: 122968
  timestamp: 1742727099393
- conda: https://conda.anaconda.org/conda-forge/win-64/ucrt-10.0.22621.0-h57928b3_1.conda
  sha256: db8dead3dd30fb1a032737554ce91e2819b43496a0db09927edf01c32b577450
  md5: 6797b005cd0f439c4c5c9ac565783700
  constrains:
  - vs2015_runtime >=14.29.30037
  license: LicenseRef-MicrosoftWindowsSDK10
  size: 559710
  timestamp: 1728377334097
- conda: https://conda.anaconda.org/conda-forge/win-64/vc-14.3-h2b53caa_26.conda
  sha256: 7a685b5c37e9713fa314a0d26b8b1d7a2e6de5ab758698199b5d5b6dba2e3ce1
  md5: d3f0381e38093bde620a8d85f266ae55
  depends:
  - vc14_runtime >=14.42.34433
  track_features:
  - vc14
  license: BSD-3-Clause
  license_family: BSD
  size: 17893
  timestamp: 1743195261486
- conda: https://conda.anaconda.org/conda-forge/win-64/vc14_runtime-14.42.34438-hfd919c2_26.conda
  sha256: 30dcb71bb166e351aadbdc18f1718757c32cdaa0e1e5d9368469ee44f6bf4709
  md5: 91651a36d31aa20c7ba36299fb7068f4
  depends:
  - ucrt >=10.0.20348.0
  constrains:
  - vs2015_runtime 14.42.34438.* *_26
  license: LicenseRef-MicrosoftVisualCpp2015-2022Runtime
  license_family: Proprietary
  size: 750733
  timestamp: 1743195092905
- conda: https://conda.anaconda.org/conda-forge/noarch/zipp-3.21.0-pyhd8ed1ab_1.conda
  sha256: 567c04f124525c97a096b65769834b7acb047db24b15a56888a322bf3966c3e1
  md5: 0c3cc595284c5e8f0f9900a9b228a332
  depends:
  - python >=3.9
  license: MIT
  license_family: MIT
  size: 21809
  timestamp: 1732827613585
